
Microsoft Visual Studio Solution File, Format Version 12.00
# Visual Studio Version 17
VisualStudioVersion = 17.14.36202.13 d17.14
MinimumVisualStudioVersion = 10.0.40219.1
Project("{FAE04EC0-301F-11D3-BF4B-00C04F79EFBC}") = "NguyenDinhHuy", "NguyenDinhHuy\NguyenDinhHuy.csproj", "{59983691-08EA-49AA-BF4B-82A1E0BA5081}"
EndProject
Global
	GlobalSection(SolutionConfigurationPlatforms) = preSolution
		Debug|Any CPU = Debug|Any CPU
		Release|Any CPU = Release|Any CPU
	EndGlobalSection
	GlobalSection(ProjectConfigurationPlatforms) = postSolution
		{59983691-08EA-49AA-BF4B-82A1E0BA5081}.Debug|Any CPU.ActiveCfg = Debug|Any CPU
		{59983691-08EA-49AA-BF4B-82A1E0BA5081}.Debug|Any CPU.Build.0 = Debug|Any CPU
		{59983691-08EA-49AA-BF4B-82A1E0BA5081}.Release|Any CPU.ActiveCfg = Release|Any CPU
		{59983691-08EA-49AA-BF4B-82A1E0BA5081}.Release|Any CPU.Build.0 = Release|Any CPU
	EndGlobalSection
	GlobalSection(SolutionProperties) = preSolution
		HideSolutionNode = FALSE
	EndGlobalSection
	GlobalSection(ExtensibilityGlobals) = postSolution
		SolutionGuid = {C0E4F8F6-1825-4A23-A2BF-70E46EA0EF20}
	EndGlobalSection
EndGlobal
